
Microsoft Visual Studio Solution File, Format Version 12.00
# Visual Studio Version 17
VisualStudioVersion = 17.4.33205.214
MinimumVisualStudioVersion = 10.0.40219.1
Project("{9A19103F-16F7-4668-BE54-9A1E7A4F7556}") = "AzQueueProcessor", "AzQueueProcessor.csproj", "{6DB6B90F-476B-4C7F-9A3F-2CDFC4D49573}"
EndProject
Global
	GlobalSection(SolutionConfigurationPlatforms) = preSolution
		Debug|Any CPU = Debug|Any CPU
		Release|Any CPU = Release|Any CPU
	EndGlobalSection
	GlobalSection(ProjectConfigurationPlatforms) = postSolution
		{6DB6B90F-476B-4C7F-9A3F-2CDFC4D49573}.Debug|Any CPU.ActiveCfg = Debug|Any CPU
		{6DB6B90F-476B-4C7F-9A3F-2CDFC4D49573}.Debug|Any CPU.Build.0 = Debug|Any CPU
		{6DB6B90F-476B-4C7F-9A3F-2CDFC4D49573}.Release|Any CPU.ActiveCfg = Release|Any CPU
		{6DB6B90F-476B-4C7F-9A3F-2CDFC4D49573}.Release|Any CPU.Build.0 = Release|Any CPU
	EndGlobalSection
	GlobalSection(SolutionProperties) = preSolution
		HideSolutionNode = FALSE
	EndGlobalSection
	GlobalSection(ExtensibilityGlobals) = postSolution
		SolutionGuid = {A25A9EBF-B714-4E4A-B4B5-95CFC48AF7BF}
	EndGlobalSection
EndGlobal
